{
  "name": "unsorted",
  "version": "1.0.6",
  "lockfileVersion": 1,
  "requires": true,
  "dependencies": {
    "readline-sync": {
      "version": "1.4.10",
      "resolved": "https://registry.npmjs.org/readline-sync/-/readline-sync-1.4.10.tgz",
      "integrity": "sha512-gNva8/6UAe8QYepIQH/jQ2qn91Qj0B9sYjMBBs3QOB8F2CXcKgLxQaJRP76sWVRQt+QU+8fAkCbCvjjMFu7Ycw=="
    },
    "wait-console-input": {
      "version": "0.1.7",
      "resolved": "https://registry.npmjs.org/wait-console-input/-/wait-console-input-0.1.7.tgz",
      "integrity": "sha512-gDxDpK1hbpsCk9nryIDUhrtK6wS9ei/o//BTFSYdMChlKMpHVUdw0LSnPR9lVSMgBAKybbezUYA8XRjTqu11hQ==",
      "requires": {
        "readline-sync": "^1.4.9"
      }
    }
  }
}
